// !$*UTF8*$!
{
	archiveVersion = 1;
	classes = {
	};
	objectVersion = 46;
	objects = {

/* Begin PBXBuildFile section */
		7723B8161D87F83900BCFDD0 /* main.m in Sources */ = {isa = PBXBuildFile; fileRef = 7723B8151D87F83900BCFDD0 /* main.m */; };
		7723B8191D87F83900BCFDD0 /* AppDelegate.m in Sources */ = {isa = PBXBuildFile; fileRef = 7723B8181D87F83900BCFDD0 /* AppDelegate.m */; };
		7723B81C1D87F83900BCFDD0 /* ViewController.m in Sources */ = {isa = PBXBuildFile; fileRef = 7723B81B1D87F83900BCFDD0 /* ViewController.m */; };
		7723B81F1D87F83900BCFDD0 /* Main.storyboard in Resources */ = {isa = PBXBuildFile; fileRef = 7723B81D1D87F83900BCFDD0 /* Main.storyboard */; };
		7723B8211D87F83900BCFDD0 /* Assets.xcassets in Resources */ = {isa = PBXBuildFile; fileRef = 7723B8201D87F83900BCFDD0 /* Assets.xcassets */; };
		7723B8241D87F83900BCFDD0 /* LaunchScreen.storyboard in Resources */ = {isa = PBXBuildFile; fileRef = 7723B8221D87F83900BCFDD0 /* LaunchScreen.storyboard */; };
		7723B82F1D87F83900BCFDD0 /* HKDisplayerDemoTests.m in Sources */ = {isa = PBXBuildFile; fileRef = 7723B82E1D87F83900BCFDD0 /* HKDisplayerDemoTests.m */; };
		7723B8401D87F86900BCFDD0 /* HKDisplayer.m in Sources */ = {isa = PBXBuildFile; fileRef = 7723B83B1D87F86900BCFDD0 /* HKDisplayer.m */; };
		7723B8411D87F86900BCFDD0 /* MsgView.m in Sources */ = {isa = PBXBuildFile; fileRef = 7723B83F1D87F86900BCFDD0 /* MsgView.m */; };
/* End PBXBuildFile section */

/* Begin PBXContainerItemProxy section */
		7723B82B1D87F83900BCFDD0 /* PBXContainerItemProxy */ = {
			isa = PBXContainerItemProxy;
			containerPortal = 7723B8091D87F83900BCFDD0 /* Project object */;
			proxyType = 1;
			remoteGlobalIDString = 7723B8101D87F83900BCFDD0;
			remoteInfo = HKDisplayerDemo;
		};
/* End PBXContainerItemProxy section */

/* Begin PBXFileReference section */
		7723B8111D87F83900BCFDD0 /* HKDisplayerDemo.app */ = {isa = PBXFileReference; explicitFileType = wrapper.application; includeInIndex = 0; path = HKDisplayerDemo.app; sourceTree = BUILT_PRODUCTS_DIR; };
		7723B8151D87F83900BCFDD0 /* main.m */ = {isa = PBXFileReference; lastKnownFileType = sourcecode.c.objc; path = main.m; sourceTree = "<group>"; };
		7723B8171D87F83900BCFDD0 /* AppDelegate.h */ = {isa = PBXFileReference; lastKnownFileType = sourcecode.c.h; path = AppDelegate.h; sourceTree = "<group>"; };
		7723B8181D87F83900BCFDD0 /* AppDelegate.m */ = {isa = PBXFileReference; lastKnownFileType = sourcecode.c.objc; path = AppDelegate.m; sourceTree = "<group>"; };
		7723B81A1D87F83900BCFDD0 /* ViewController.h */ = {isa = PBXFileReference; lastKnownFileType = sourcecode.c.h; path = ViewController.h; sourceTree = "<group>"; };
		7723B81B1D87F83900BCFDD0 /* ViewController.m */ = {isa = PBXFileReference; lastKnownFileType = sourcecode.c.objc; path = ViewController.m; sourceTree = "<group>"; };
		7723B81E1D87F83900BCFDD0 /* Base */ = {isa = PBXFileReference; lastKnownFileType = file.storyboard; name = Base; path = Base.lproj/Main.storyboard; sourceTree = "<group>"; };
		7723B8201D87F83900BCFDD0 /* Assets.xcassets */ = {isa = PBXFileReference; lastKnownFileType = folder.assetcatalog; path = Assets.xcassets; sourceTree = "<group>"; };
		7723B8231D87F83900BCFDD0 /* Base */ = {isa = PBXFileReference; lastKnownFileType = file.storyboard; name = Base; path = Base.lproj/LaunchScreen.storyboard; sourceTree = "<group>"; };
		7723B8251D87F83900BCFDD0 /* Info.plist */ = {isa = PBXFileReference; lastKnownFileType = text.plist.xml; path = Info.plist; sourceTree = "<group>"; };
		7723B82A1D87F83900BCFDD0 /* HKDisplayerDemoTests.xctest */ = {isa = PBXFileReference; explicitFileType = wrapper.cfbundle; includeInIndex = 0; path = HKDisplayerDemoTests.xctest; sourceTree = BUILT_PRODUCTS_DIR; };
		7723B82E1D87F83900BCFDD0 /* HKDisplayerDemoTests.m */ = {isa = PBXFileReference; lastKnownFileType = sourcecode.c.objc; path = HKDisplayerDemoTests.m; sourceTree = "<group>"; };
		7723B8301D87F83900BCFDD0 /* Info.plist */ = {isa = PBXFileReference; lastKnownFileType = text.plist.xml; path = Info.plist; sourceTree = "<group>"; };
		7723B83A1D87F86900BCFDD0 /* HKDisplayer.h */ = {isa = PBXFileReference; fileEncoding = 4; lastKnownFileType = sourcecode.c.h; path = HKDisplayer.h; sourceTree = "<group>"; };
		7723B83B1D87F86900BCFDD0 /* HKDisplayer.m */ = {isa = PBXFileReference; fileEncoding = 4; lastKnownFileType = sourcecode.c.objc; path = HKDisplayer.m; sourceTree = "<group>"; };
		7723B83E1D87F86900BCFDD0 /* MsgView.h */ = {isa = PBXFileReference; fileEncoding = 4; lastKnownFileType = sourcecode.c.h; path = MsgView.h; sourceTree = "<group>"; };
		7723B83F1D87F86900BCFDD0 /* MsgView.m */ = {isa = PBXFileReference; fileEncoding = 4; lastKnownFileType = sourcecode.c.objc; path = MsgView.m; sourceTree = "<group>"; };
/* End PBXFileReference section */

/* Begin PBXFrameworksBuildPhase section */
		7723B80E1D87F83900BCFDD0 /* Frameworks */ = {
			isa = PBXFrameworksBuildPhase;
			buildActionMask = 2147483647;
			files = (
			);
			runOnlyForDeploymentPostprocessing = 0;
		};
		7723B8271D87F83900BCFDD0 /* Frameworks */ = {
			isa = PBXFrameworksBuildPhase;
			buildActionMask = 2147483647;
			files = (
			);
			runOnlyForDeploymentPostprocessing = 0;
		};
/* End PBXFrameworksBuildPhase section */

/* Begin PBXGroup section */
		7723B8081D87F83900BCFDD0 = {
			isa = PBXGroup;
			children = (
				7723B8131D87F83900BCFDD0 /* HKDisplayerDemo */,
				7723B82D1D87F83900BCFDD0 /* HKDisplayerDemoTests */,
				7723B8121D87F83900BCFDD0 /* Products */,
			);
			sourceTree = "<group>";
		};
		7723B8121D87F83900BCFDD0 /* Products */ = {
			isa = PBXGroup;
			children = (
				7723B8111D87F83900BCFDD0 /* HKDisplayerDemo.app */,
				7723B82A1D87F83900BCFDD0 /* HKDisplayerDemoTests.xctest */,
			);
			name = Products;
			sourceTree = "<group>";
		};
		7723B8131D87F83900BCFDD0 /* HKDisplayerDemo */ = {
			isa = PBXGroup;
			children = (
				7723B8391D87F86900BCFDD0 /* HKDisplayer */,
				7723B83C1D87F86900BCFDD0 /* TestView */,
				7723B81A1D87F83900BCFDD0 /* ViewController.h */,
				7723B81B1D87F83900BCFDD0 /* ViewController.m */,
				7723B8141D87F83900BCFDD0 /* Supporting Files */,
			);
			path = HKDisplayerDemo;
			sourceTree = "<group>";
		};
		7723B8141D87F83900BCFDD0 /* Supporting Files */ = {
			isa = PBXGroup;
			children = (
				7723B8171D87F83900BCFDD0 /* AppDelegate.h */,
				7723B8181D87F83900BCFDD0 /* AppDelegate.m */,
				7723B81D1D87F83900BCFDD0 /* Main.storyboard */,
				7723B8201D87F83900BCFDD0 /* Assets.xcassets */,
				7723B8221D87F83900BCFDD0 /* LaunchScreen.storyboard */,
				7723B8251D87F83900BCFDD0 /* Info.plist */,
				7723B8151D87F83900BCFDD0 /* main.m */,
			);
			name = "Supporting Files";
			sourceTree = "<group>";
		};
		7723B82D1D87F83900BCFDD0 /* HKDisplayerDemoTests */ = {
			isa = PBXGroup;
			children = (
				7723B82E1D87F83900BCFDD0 /* HKDisplayerDemoTests.m */,
				7723B8301D87F83900BCFDD0 /* Info.plist */,
			);
			path = HKDisplayerDemoTests;
			sourceTree = "<group>";
		};
		7723B8391D87F86900BCFDD0 /* HKDisplayer */ = {
			isa = PBXGroup;
			children = (
				7723B83A1D87F86900BCFDD0 /* HKDisplayer.h */,
				7723B83B1D87F86900BCFDD0 /* HKDisplayer.m */,
			);
			path = HKDisplayer;
			sourceTree = "<group>";
		};
		7723B83C1D87F86900BCFDD0 /* TestView */ = {
			isa = PBXGroup;
			children = (
				7723B83D1D87F86900BCFDD0 /* Model */,
				7723B83E1D87F86900BCFDD0 /* MsgView.h */,
				7723B83F1D87F86900BCFDD0 /* MsgView.m */,
			);
			path = TestView;
			sourceTree = "<group>";
		};
		7723B83D1D87F86900BCFDD0 /* Model */ = {
			isa = PBXGroup;
			children = (
			);
			path = Model;
			sourceTree = "<group>";
		};
/* End PBXGroup section */

/* Begin PBXNativeTarget section */
		7723B8101D87F83900BCFDD0 /* HKDisplayerDemo */ = {
			isa = PBXNativeTarget;
			buildConfigurationList = 7723B8331D87F83900BCFDD0 /* Build configuration list for PBXNativeTarget "HKDisplayerDemo" */;
			buildPhases = (
				7723B80D1D87F83900BCFDD0 /* Sources */,
				7723B80E1D87F83900BCFDD0 /* Frameworks */,
				7723B80F1D87F83900BCFDD0 /* Resources */,
			);
			buildRules = (
			);
			dependencies = (
			);
			name = HKDisplayerDemo;
			productName = HKDisplayerDemo;
			productReference = 7723B8111D87F83900BCFDD0 /* HKDisplayerDemo.app */;
			productType = "com.apple.product-type.application";
		};
		7723B8291D87F83900BCFDD0 /* HKDisplayerDemoTests */ = {
			isa = PBXNativeTarget;
			buildConfigurationList = 7723B8361D87F83900BCFDD0 /* Build configuration list for PBXNativeTarget "HKDisplayerDemoTests" */;
			buildPhases = (
				7723B8261D87F83900BCFDD0 /* Sources */,
				7723B8271D87F83900BCFDD0 /* Frameworks */,
				7723B8281D87F83900BCFDD0 /* Resources */,
			);
			buildRules = (
			);
			dependencies = (
				7723B82C1D87F83900BCFDD0 /* PBXTargetDependency */,
			);
			name = HKDisplayerDemoTests;
			productName = HKDisplayerDemoTests;
			productReference = 7723B82A1D87F83900BCFDD0 /* HKDisplayerDemoTests.xctest */;
			productType = "com.apple.product-type.bundle.unit-test";
		};
/* End PBXNativeTarget section */

/* Begin PBXProject section */
		7723B8091D87F83900BCFDD0 /* Project object */ = {
			isa = PBXProject;
			attributes = {
				LastUpgradeCheck = 0730;
				ORGANIZATIONNAME = HKY;
				TargetAttributes = {
					7723B8101D87F83900BCFDD0 = {
						CreatedOnToolsVersion = 7.3.1;
					};
					7723B8291D87F83900BCFDD0 = {
						CreatedOnToolsVersion = 7.3.1;
						TestTargetID = 7723B8101D87F83900BCFDD0;
					};
				};
			};
			buildConfigurationList = 7723B80C1D87F83900BCFDD0 /* Build configuration list for PBXProject "HKDisplayerDemo" */;
			compatibilityVersion = "Xcode 3.2";
			developmentRegion = English;
			hasScannedForEncodings = 0;
			knownRegions = (
				en,
				Base,
			);
			mainGroup = 7723B8081D87F83900BCFDD0;
			productRefGroup = 7723B8121D87F83900BCFDD0 /* Products */;
			projectDirPath = "";
			projectRoot = "";
			targets = (
				7723B8101D87F83900BCFDD0 /* HKDisplayerDemo */,
				7723B8291D87F83900BCFDD0 /* HKDisplayerDemoTests */,
			);
		};
/* End PBXProject section */

/* Begin PBXResourcesBuildPhase section */
		7723B80F1D87F83900BCFDD0 /* Resources */ = {
			isa = PBXResourcesBuildPhase;
			buildActionMask = 2147483647;
			files = (
				7723B8241D87F83900BCFDD0 /* LaunchScreen.storyboard in Resources */,
				7723B8211D87F83900BCFDD0 /* Assets.xcassets in Resources */,
				7723B81F1D87F83900BCFDD0 /* Main.storyboard in Resources */,
			);
			runOnlyForDeploymentPostprocessing = 0;
		};
		7723B8281D87F83900BCFDD0 /* Resources */ = {
			isa = PBXResourcesBuildPhase;
			buildActionMask = 2147483647;
			files = (
			);
			runOnlyForDeploymentPostprocessing = 0;
		};
/* End PBXResourcesBuildPhase section */

/* Begin PBXSourcesBuildPhase section */
		7723B80D1D87F83900BCFDD0 /* Sources */ = {
			isa = PBXSourcesBuildPhase;
			buildActionMask = 2147483647;
			files = (
				7723B8401D87F86900BCFDD0 /* HKDisplayer.m in Sources */,
				7723B81C1D87F83900BCFDD0 /* ViewController.m in Sources */,
				7723B8191D87F83900BCFDD0 /* AppDelegate.m in Sources */,
				7723B8411D87F86900BCFDD0 /* MsgView.m in Sources */,
				7723B8161D87F83900BCFDD0 /* main.m in Sources */,
			);
			runOnlyForDeploymentPostprocessing = 0;
		};
		7723B8261D87F83900BCFDD0 /* Sources */ = {
			isa = PBXSourcesBuildPhase;
			buildActionMask = 2147483647;
			files = (
				7723B82F1D87F83900BCFDD0 /* HKDisplayerDemoTests.m in Sources */,
			);
			runOnlyForDeploymentPostprocessing = 0;
		};
/* End PBXSourcesBuildPhase section */

/* Begin PBXTargetDependency section */
		7723B82C1D87F83900BCFDD0 /* PBXTargetDependency */ = {
			isa = PBXTargetDependency;
			target = 7723B8101D87F83900BCFDD0 /* HKDisplayerDemo */;
			targetProxy = 7723B82B1D87F83900BCFDD0 /* PBXContainerItemProxy */;
		};
/* End PBXTargetDependency section */

/* Begin PBXVariantGroup section */
		7723B81D1D87F83900BCFDD0 /* Main.storyboard */ = {
			isa = PBXVariantGroup;
			children = (
				7723B81E1D87F83900BCFDD0 /* Base */,
			);
			name = Main.storyboard;
			sourceTree = "<group>";
		};
		7723B8221D87F83900BCFDD0 /* LaunchScreen.storyboard */ = {
			isa = PBXVariantGroup;
			children = (
				7723B8231D87F83900BCFDD0 /* Base */,
			);
			name = LaunchScreen.storyboard;
			sourceTree = "<group>";
		};
/* End PBXVariantGroup section */

/* Begin XCBuildConfiguration section */
		7723B8311D87F83900BCFDD0 /* Debug */ = {
			isa = XCBuildConfiguration;
			buildSettings = {
				ALWAYS_SEARCH_USER_PATHS = NO;
				CLANG_ANALYZER_NONNULL = YES;
				CLANG_CXX_LANGUAGE_STANDARD = "gnu++0x";
				CLANG_CXX_LIBRARY = "libc++";
				CLANG_ENABLE_MODULES = YES;
				CLANG_ENABLE_OBJC_ARC = YES;
				CLANG_WARN_BOOL_CONVERSION = YES;
				CLANG_WARN_CONSTANT_CONVERSION = YES;
				CLANG_WARN_DIRECT_OBJC_ISA_USAGE = YES_ERROR;
				CLANG_WARN_EMPTY_BODY = YES;
				CLANG_WARN_ENUM_CONVERSION = YES;
				CLANG_WARN_INT_CONVERSION = YES;
				CLANG_WARN_OBJC_ROOT_CLASS = YES_ERROR;
				CLANG_WARN_UNREACHABLE_CODE = YES;
				CLANG_WARN__DUPLICATE_METHOD_MATCH = YES;
				"CODE_SIGN_IDENTITY[sdk=iphoneos*]" = "iPhone Developer";
				COPY_PHASE_STRIP = NO;
				DEBUG_INFORMATION_FORMAT = dwarf;
				ENABLE_STRICT_OBJC_MSGSEND = YES;
				ENABLE_TESTABILITY = YES;
				GCC_C_LANGUAGE_STANDARD = gnu99;
				GCC_DYNAMIC_NO_PIC = NO;
				GCC_NO_COMMON_BLOCKS = YES;
				GCC_OPTIMIZATION_LEVEL = 0;
				GCC_PREPROCESSOR_DEFINITIONS = (
					"DEBUG=1",
					"$(inherited)",
				);
				GCC_WARN_64_TO_32_BIT_CONVERSION = YES;
				GCC_WARN_ABOUT_RETURN_TYPE = YES_ERROR;
				GCC_WARN_UNDECLARED_SELECTOR = YES;
				GCC_WARN_UNINITIALIZED_AUTOS = YES_AGGRESSIVE;
				GCC_WARN_UNUSED_FUNCTION = YES;
				GCC_WARN_UNUSED_VARIABLE = YES;
				IPHONEOS_DEPLOYMENT_TARGET = 9.3;
				MTL_ENABLE_DEBUG_INFO = YES;
				ONLY_ACTIVE_ARCH = YES;
				SDKROOT = iphoneos;
			};
			name = Debug;
		};
		7723B8321D87F83900BCFDD0 /* Release */ = {
			isa = XCBuildConfiguration;
			buildSettings = {
				ALWAYS_SEARCH_USER_PATHS = NO;
				CLANG_ANALYZER_NONNULL = YES;
				CLANG_CXX_LANGUAGE_STANDARD = "gnu++0x";
				CLANG_CXX_LIBRARY = "libc++";
				CLANG_ENABLE_MODULES = YES;
				CLANG_ENABLE_OBJC_ARC = YES;
				CLANG_WARN_BOOL_CONVERSION = YES;
				CLANG_WARN_CONSTANT_CONVERSION = YES;
				CLANG_WARN_DIRECT_OBJC_ISA_USAGE = YES_ERROR;
				CLANG_WARN_EMPTY_BODY = YES;
				CLANG_WARN_ENUM_CONVERSION = YES;
				CLANG_WARN_INT_CONVERSION = YES;
				CLANG_WARN_OBJC_ROOT_CLASS = YES_ERROR;
				CLANG_WARN_UNREACHABLE_CODE = YES;
				CLANG_WARN__DUPLICATE_METHOD_MATCH = YES;
				"CODE_SIGN_IDENTITY[sdk=iphoneos*]" = "iPhone Developer";
				COPY_PHASE_STRIP = NO;
				DEBUG_INFORMATION_FORMAT = "dwarf-with-dsym";
				ENABLE_NS_ASSERTIONS = NO;
				ENABLE_STRICT_OBJC_MSGSEND = YES;
				GCC_C_LANGUAGE_STANDARD = gnu99;
				GCC_NO_COMMON_BLOCKS = YES;
				GCC_WARN_64_TO_32_BIT_CONVERSION = YES;
				GCC_WARN_ABOUT_RETURN_TYPE = YES_ERROR;
				GCC_WARN_UNDECLARED_SELECTOR = YES;
				GCC_WARN_UNINITIALIZED_AUTOS = YES_AGGRESSIVE;
				GCC_WARN_UNUSED_FUNCTION = YES;
				GCC_WARN_UNUSED_VARIABLE = YES;
				IPHONEOS_DEPLOYMENT_TARGET = 9.3;
				MTL_ENABLE_DEBUG_INFO = NO;
				SDKROOT = iphoneos;
				VALIDATE_PRODUCT = YES;
			};
			name = Release;
		};
		7723B8341D87F83900BCFDD0 /* Debug */ = {
			isa = XCBuildConfiguration;
			buildSettings = {
				ASSETCATALOG_COMPILER_APPICON_NAME = AppIcon;
				INFOPLIST_FILE = HKDisplayerDemo/Info.plist;
				LD_RUNPATH_SEARCH_PATHS = "$(inherited) @executable_path/Frameworks";
				PRODUCT_BUNDLE_IDENTIFIER = com.experiment.HKDisplayerDemo;
				PRODUCT_NAME = "$(TARGET_NAME)";
			};
			name = Debug;
		};
		7723B8351D87F83900BCFDD0 /* Release */ = {
			isa = XCBuildConfiguration;
			buildSettings = {
				ASSETCATALOG_COMPILER_APPICON_NAME = AppIcon;
				INFOPLIST_FILE = HKDisplayerDemo/Info.plist;
				LD_RUNPATH_SEARCH_PATHS = "$(inherited) @executable_path/Frameworks";
				PRODUCT_BUNDLE_IDENTIFIER = com.experiment.HKDisplayerDemo;
				PRODUCT_NAME = "$(TARGET_NAME)";
			};
			name = Release;
		};
		7723B8371D87F83900BCFDD0 /* Debug */ = {
			isa = XCBuildConfiguration;
			buildSettings = {
				BUNDLE_LOADER = "$(TEST_HOST)";
				INFOPLIST_FILE = HKDisplayerDemoTests/Info.plist;
				LD_RUNPATH_SEARCH_PATHS = "$(inherited) @executable_path/Frameworks @loader_path/Frameworks";
				PRODUCT_BUNDLE_IDENTIFIER = com.experiment.HKDisplayerDemoTests;
				PRODUCT_NAME = "$(TARGET_NAME)";
				TEST_HOST = "$(BUILT_PRODUCTS_DIR)/HKDisplayerDemo.app/HKDisplayerDemo";
			};
			name = Debug;
		};
		7723B8381D87F83900BCFDD0 /* Release */ = {
			isa = XCBuildConfiguration;
			buildSettings = {
				BUNDLE_LOADER = "$(TEST_HOST)";
				INFOPLIST_FILE = HKDisplayerDemoTests/Info.plist;
				LD_RUNPATH_SEARCH_PATHS = "$(inherited) @executable_path/Frameworks @loader_path/Frameworks";
				PRODUCT_BUNDLE_IDENTIFIER = com.experiment.HKDisplayerDemoTests;
				PRODUCT_NAME = "$(TARGET_NAME)";
				TEST_HOST = "$(BUILT_PRODUCTS_DIR)/HKDisplayerDemo.app/HKDisplayerDemo";
			};
			name = Release;
		};
/* End XCBuildConfiguration section */

/* Begin XCConfigurationList section */
		7723B80C1D87F83900BCFDD0 /* Build configuration list for PBXProject "HKDisplayerDemo" */ = {
			isa = XCConfigurationList;
			buildConfigurations = (
				7723B8311D87F83900BCFDD0 /* Debug */,
				7723B8321D87F83900BCFDD0 /* Release */,
			);
			defaultConfigurationIsVisible = 0;
			defaultConfigurationName = Release;
		};
		7723B8331D87F83900BCFDD0 /* Build configuration list for PBXNativeTarget "HKDisplayerDemo" */ = {
			isa = XCConfigurationList;
			buildConfigurations = (
				7723B8341D87F83900BCFDD0 /* Debug */,
				7723B8351D87F83900BCFDD0 /* Release */,
			);
			defaultConfigurationIsVisible = 0;
			defaultConfigurationName = Release;
		};
		7723B8361D87F83900BCFDD0 /* Build configuration list for PBXNativeTarget "HKDisplayerDemoTests" */ = {
			isa = XCConfigurationList;
			buildConfigurations = (
				7723B8371D87F83900BCFDD0 /* Debug */,
				7723B8381D87F83900BCFDD0 /* Release */,
			);
			defaultConfigurationIsVisible = 0;
			defaultConfigurationName = Release;
		};
/* End XCConfigurationList section */
	};
	rootObject = 7723B8091D87F83900BCFDD0 /* Project object */;
}
